
Microsoft Visual Studio Solution File, Format Version 12.00
# Visual Studio Version 17
VisualStudioVersion = 17.2.32526.322
MinimumVisualStudioVersion = 10.0.40219.1
Project("{FAE04EC0-301F-11D3-BF4B-00C04F79EFBC}") = "WebApplication1", "WebApplication1\WebApplication1.csproj", "{4C9F16ED-EC87-46A0-ADAC-A038F18A6C59}"
EndProject
Project("{FAE04EC0-301F-11D3-BF4B-00C04F79EFBC}") = "TestProject1", "TestProject1\TestProject1.csproj", "{6952BC30-D988-44C4-B633-848E73282DF8}"
EndProject
Global
	GlobalSection(SolutionConfigurationPlatforms) = preSolution
		Debug|Any CPU = Debug|Any CPU
		Release|Any CPU = Release|Any CPU
	EndGlobalSection
	GlobalSection(ProjectConfigurationPlatforms) = postSolution
		{4C9F16ED-EC87-46A0-ADAC-A038F18A6C59}.Debug|Any CPU.ActiveCfg = Debug|Any CPU
		{4C9F16ED-EC87-46A0-ADAC-A038F18A6C59}.Debug|Any CPU.Build.0 = Debug|Any CPU
		{4C9F16ED-EC87-46A0-ADAC-A038F18A6C59}.Release|Any CPU.ActiveCfg = Release|Any CPU
		{4C9F16ED-EC87-46A0-ADAC-A038F18A6C59}.Release|Any CPU.Build.0 = Release|Any CPU
		{6952BC30-D988-44C4-B633-848E73282DF8}.Debug|Any CPU.ActiveCfg = Debug|Any CPU
		{6952BC30-D988-44C4-B633-848E73282DF8}.Debug|Any CPU.Build.0 = Debug|Any CPU
		{6952BC30-D988-44C4-B633-848E73282DF8}.Release|Any CPU.ActiveCfg = Release|Any CPU
		{6952BC30-D988-44C4-B633-848E73282DF8}.Release|Any CPU.Build.0 = Release|Any CPU
	EndGlobalSection
	GlobalSection(SolutionProperties) = preSolution
		HideSolutionNode = FALSE
	EndGlobalSection
	GlobalSection(ExtensibilityGlobals) = postSolution
		SolutionGuid = {484BC5D1-D967-4DF4-A336-7F1B3A6C6042}
	EndGlobalSection
EndGlobal
